// !$*UTF8*$!
{
	archiveVersion = 1;
	classes = {
	};
	objectVersion = 46;
	objects = {

/* Begin PBXBuildFile section */
		0404814F1C200203007F3927 /* main.m in Sources */ = {isa = PBXBuildFile; fileRef = 0404814E1C200203007F3927 /* main.m */; };
		040481521C200203007F3927 /* AppDelegate.m in Sources */ = {isa = PBXBuildFile; fileRef = 040481511C200203007F3927 /* AppDelegate.m */; };
		040481551C200203007F3927 /* ViewController.m in Sources */ = {isa = PBXBuildFile; fileRef = 040481541C200203007F3927 /* ViewController.m */; };
		040481581C200203007F3927 /* Main.storyboard in Resources */ = {isa = PBXBuildFile; fileRef = 040481561C200203007F3927 /* Main.storyboard */; };
		0404815A1C200203007F3927 /* Assets.xcassets in Resources */ = {isa = PBXBuildFile; fileRef = 040481591C200203007F3927 /* Assets.xcassets */; };
		0404815D1C200203007F3927 /* LaunchScreen.storyboard in Resources */ = {isa = PBXBuildFile; fileRef = 0404815B1C200203007F3927 /* LaunchScreen.storyboard */; };
		040481681C200203007F3927 /* CarrefourTestTests.m in Sources */ = {isa = PBXBuildFile; fileRef = 040481671C200203007F3927 /* CarrefourTestTests.m */; };
		040481731C200203007F3927 /* CarrefourTestUITests.m in Sources */ = {isa = PBXBuildFile; fileRef = 040481721C200203007F3927 /* CarrefourTestUITests.m */; };
		040481811C200305007F3927 /* GoogleService-Info.plist in Resources */ = {isa = PBXBuildFile; fileRef = 040481801C200305007F3927 /* GoogleService-Info.plist */; };
		04755C9B1C21521D0058AD5F /* MapViewController.m in Sources */ = {isa = PBXBuildFile; fileRef = 04755C9A1C21521D0058AD5F /* MapViewController.m */; };
		04868A601C2FD50A00D7896B /* PushViewController.m in Sources */ = {isa = PBXBuildFile; fileRef = 04868A5F1C2FD50A00D7896B /* PushViewController.m */; };
		04868A821C2FE16800D7896B /* CarrefourTest.entitlements in Resources */ = {isa = PBXBuildFile; fileRef = 04868A811C2FE16800D7896B /* CarrefourTest.entitlements */; };
		04868A8B1C2FE7FA00D7896B /* libLightspeed-arm64-2.23.7.a in Frameworks */ = {isa = PBXBuildFile; fileRef = 04868A861C2FE7FA00D7896B /* libLightspeed-arm64-2.23.7.a */; };
		04868A8C1C2FE7FA00D7896B /* libLightspeed-armv7-2.23.7.a in Frameworks */ = {isa = PBXBuildFile; fileRef = 04868A871C2FE7FA00D7896B /* libLightspeed-armv7-2.23.7.a */; };
		04868A8D1C2FE7FA00D7896B /* libLightspeed-armv7s-2.23.7.a in Frameworks */ = {isa = PBXBuildFile; fileRef = 04868A881C2FE7FA00D7896B /* libLightspeed-armv7s-2.23.7.a */; };
		04868A8E1C2FE7FA00D7896B /* libLightspeed-i386-2.23.7.a in Frameworks */ = {isa = PBXBuildFile; fileRef = 04868A891C2FE7FA00D7896B /* libLightspeed-i386-2.23.7.a */; };
		04868A8F1C2FE7FA00D7896B /* libLightspeed-x86_64-2.23.7.a in Frameworks */ = {isa = PBXBuildFile; fileRef = 04868A8A1C2FE7FA00D7896B /* libLightspeed-x86_64-2.23.7.a */; };
		04A5D57E1C21710900E1AFE9 /* MapKit.framework in Frameworks */ = {isa = PBXBuildFile; fileRef = 04A5D57D1C21710900E1AFE9 /* MapKit.framework */; };
		04A5D5821C22B94000E1AFE9 /* CustomMKAnnotation.m in Sources */ = {isa = PBXBuildFile; fileRef = 04A5D5811C22B94000E1AFE9 /* CustomMKAnnotation.m */; };
		2ADD612135D0FF7FC1DF26BD /* libPods-CarrefourTest.a in Frameworks */ = {isa = PBXBuildFile; fileRef = 18EF321E7368AECAA31C9EFA /* libPods-CarrefourTest.a */; };
/* End PBXBuildFile section */

/* Begin PBXContainerItemProxy section */
		040481641C200203007F3927 /* PBXContainerItemProxy */ = {
			isa = PBXContainerItemProxy;
			containerPortal = 040481421C200203007F3927 /* Project object */;
			proxyType = 1;
			remoteGlobalIDString = 040481491C200203007F3927;
			remoteInfo = CarrefourTest;
		};
		0404816F1C200203007F3927 /* PBXContainerItemProxy */ = {
			isa = PBXContainerItemProxy;
			containerPortal = 040481421C200203007F3927 /* Project object */;
			proxyType = 1;
			remoteGlobalIDString = 040481491C200203007F3927;
			remoteInfo = CarrefourTest;
		};
/* End PBXContainerItemProxy section */

/* Begin PBXFileReference section */
		0404814A1C200203007F3927 /* CarrefourTest.app */ = {isa = PBXFileReference; explicitFileType = wrapper.application; includeInIndex = 0; path = CarrefourTest.app; sourceTree = BUILT_PRODUCTS_DIR; };
		0404814E1C200203007F3927 /* main.m */ = {isa = PBXFileReference; lastKnownFileType = sourcecode.c.objc; path = main.m; sourceTree = "<group>"; };
		040481501C200203007F3927 /* AppDelegate.h */ = {isa = PBXFileReference; lastKnownFileType = sourcecode.c.h; path = AppDelegate.h; sourceTree = "<group>"; };
		040481511C200203007F3927 /* AppDelegate.m */ = {isa = PBXFileReference; lastKnownFileType = sourcecode.c.objc; path = AppDelegate.m; sourceTree = "<group>"; };
		040481531C200203007F3927 /* ViewController.h */ = {isa = PBXFileReference; lastKnownFileType = sourcecode.c.h; path = ViewController.h; sourceTree = "<group>"; };
		040481541C200203007F3927 /* ViewController.m */ = {isa = PBXFileReference; lastKnownFileType = sourcecode.c.objc; path = ViewController.m; sourceTree = "<group>"; };
		040481571C200203007F3927 /* Base */ = {isa = PBXFileReference; lastKnownFileType = file.storyboard; name = Base; path = Base.lproj/Main.storyboard; sourceTree = "<group>"; };
		040481591C200203007F3927 /* Assets.xcassets */ = {isa = PBXFileReference; lastKnownFileType = folder.assetcatalog; path = Assets.xcassets; sourceTree = "<group>"; };
		0404815C1C200203007F3927 /* Base */ = {isa = PBXFileReference; lastKnownFileType = file.storyboard; name = Base; path = Base.lproj/LaunchScreen.storyboard; sourceTree = "<group>"; };
		0404815E1C200203007F3927 /* Info.plist */ = {isa = PBXFileReference; lastKnownFileType = text.plist.xml; path = Info.plist; sourceTree = "<group>"; };
		040481631C200203007F3927 /* CarrefourTestTests.xctest */ = {isa = PBXFileReference; explicitFileType = wrapper.cfbundle; includeInIndex = 0; path = CarrefourTestTests.xctest; sourceTree = BUILT_PRODUCTS_DIR; };
		040481671C200203007F3927 /* CarrefourTestTests.m */ = {isa = PBXFileReference; lastKnownFileType = sourcecode.c.objc; path = CarrefourTestTests.m; sourceTree = "<group>"; };
		040481691C200203007F3927 /* Info.plist */ = {isa = PBXFileReference; lastKnownFileType = text.plist.xml; path = Info.plist; sourceTree = "<group>"; };
		0404816E1C200203007F3927 /* CarrefourTestUITests.xctest */ = {isa = PBXFileReference; explicitFileType = wrapper.cfbundle; includeInIndex = 0; path = CarrefourTestUITests.xctest; sourceTree = BUILT_PRODUCTS_DIR; };
		040481721C200203007F3927 /* CarrefourTestUITests.m */ = {isa = PBXFileReference; lastKnownFileType = sourcecode.c.objc; path = CarrefourTestUITests.m; sourceTree = "<group>"; };
		040481741C200203007F3927 /* Info.plist */ = {isa = PBXFileReference; lastKnownFileType = text.plist.xml; path = Info.plist; sourceTree = "<group>"; };
		040481801C200305007F3927 /* GoogleService-Info.plist */ = {isa = PBXFileReference; fileEncoding = 4; lastKnownFileType = text.plist.xml; path = "GoogleService-Info.plist"; sourceTree = "<group>"; };
		04755C991C21521D0058AD5F /* MapViewController.h */ = {isa = PBXFileReference; fileEncoding = 4; lastKnownFileType = sourcecode.c.h; path = MapViewController.h; sourceTree = "<group>"; };
		04755C9A1C21521D0058AD5F /* MapViewController.m */ = {isa = PBXFileReference; fileEncoding = 4; lastKnownFileType = sourcecode.c.objc; path = MapViewController.m; sourceTree = "<group>"; };
		04868A5E1C2FD50A00D7896B /* PushViewController.h */ = {isa = PBXFileReference; fileEncoding = 4; lastKnownFileType = sourcecode.c.h; path = PushViewController.h; sourceTree = "<group>"; };
		04868A5F1C2FD50A00D7896B /* PushViewController.m */ = {isa = PBXFileReference; fileEncoding = 4; lastKnownFileType = sourcecode.c.objc; path = PushViewController.m; sourceTree = "<group>"; };
		04868A641C2FD6D300D7896B /* libanLive-arm64.a */ = {isa = PBXFileReference; lastKnownFileType = archive.ar; path = "libanLive-arm64.a"; sourceTree = "<group>"; };
		04868A651C2FD6D300D7896B /* libanLive-armv7.a */ = {isa = PBXFileReference; lastKnownFileType = archive.ar; path = "libanLive-armv7.a"; sourceTree = "<group>"; };
		04868A661C2FD6D300D7896B /* libanLive-i386.a */ = {isa = PBXFileReference; lastKnownFileType = archive.ar; path = "libanLive-i386.a"; sourceTree = "<group>"; };
		04868A691C2FD6D300D7896B /* AnDeviceManager.h */ = {isa = PBXFileReference; fileEncoding = 4; lastKnownFileType = sourcecode.c.h; path = AnDeviceManager.h; sourceTree = "<group>"; };
		04868A6A1C2FD6D300D7896B /* AnIM.h */ = {isa = PBXFileReference; fileEncoding = 4; lastKnownFileType = sourcecode.c.h; path = AnIM.h; sourceTree = "<group>"; };
		04868A6B1C2FD6D300D7896B /* AnIMMessage.h */ = {isa = PBXFileReference; fileEncoding = 4; lastKnownFileType = sourcecode.c.h; path = AnIMMessage.h; sourceTree = "<group>"; };
		04868A6C1C2FD6D300D7896B /* AnLive.h */ = {isa = PBXFileReference; fileEncoding = 4; lastKnownFileType = sourcecode.c.h; path = AnLive.h; sourceTree = "<group>"; };
		04868A6D1C2FD6D300D7896B /* AnLiveLocalVideoView.h */ = {isa = PBXFileReference; fileEncoding = 4; lastKnownFileType = sourcecode.c.h; path = AnLiveLocalVideoView.h; sourceTree = "<group>"; };
		04868A6E1C2FD6D300D7896B /* AnLiveProtocols.h */ = {isa = PBXFileReference; fileEncoding = 4; lastKnownFileType = sourcecode.c.h; path = AnLiveProtocols.h; sourceTree = "<group>"; };
		04868A6F1C2FD6D300D7896B /* AnLiveVideoView.h */ = {isa = PBXFileReference; fileEncoding = 4; lastKnownFileType = sourcecode.c.h; path = AnLiveVideoView.h; sourceTree = "<group>"; };
		04868A701C2FD6D300D7896B /* AnPush.h */ = {isa = PBXFileReference; fileEncoding = 4; lastKnownFileType = sourcecode.c.h; path = AnPush.h; sourceTree = "<group>"; };
		04868A711C2FD6D300D7896B /* AnSocial.h */ = {isa = PBXFileReference; fileEncoding = 4; lastKnownFileType = sourcecode.c.h; path = AnSocial.h; sourceTree = "<group>"; };
		04868A721C2FD6D300D7896B /* AnSocialFile.h */ = {isa = PBXFileReference; fileEncoding = 4; lastKnownFileType = sourcecode.c.h; path = AnSocialFile.h; sourceTree = "<group>"; };
		04868A731C2FD6D300D7896B /* ArrownockException.h */ = {isa = PBXFileReference; fileEncoding = 4; lastKnownFileType = sourcecode.c.h; path = ArrownockException.h; sourceTree = "<group>"; };
		04868A741C2FD6D300D7896B /* libLightspeed-arm64-2.23.7.a */ = {isa = PBXFileReference; lastKnownFileType = archive.ar; path = "libLightspeed-arm64-2.23.7.a"; sourceTree = "<group>"; };
		04868A751C2FD6D300D7896B /* libLightspeed-armv7-2.23.7.a */ = {isa = PBXFileReference; lastKnownFileType = archive.ar; path = "libLightspeed-armv7-2.23.7.a"; sourceTree = "<group>"; };
		04868A761C2FD6D300D7896B /* libLightspeed-armv7s-2.23.7.a */ = {isa = PBXFileReference; lastKnownFileType = archive.ar; path = "libLightspeed-armv7s-2.23.7.a"; sourceTree = "<group>"; };
		04868A771C2FD6D300D7896B /* libLightspeed-i386-2.23.7.a */ = {isa = PBXFileReference; lastKnownFileType = archive.ar; path = "libLightspeed-i386-2.23.7.a"; sourceTree = "<group>"; };
		04868A781C2FD6D300D7896B /* libLightspeed-x86_64-2.23.7.a */ = {isa = PBXFileReference; lastKnownFileType = archive.ar; path = "libLightspeed-x86_64-2.23.7.a"; sourceTree = "<group>"; };
		04868A811C2FE16800D7896B /* CarrefourTest.entitlements */ = {isa = PBXFileReference; fileEncoding = 4; lastKnownFileType = text.xml; path = CarrefourTest.entitlements; sourceTree = "<group>"; };
		04868A861C2FE7FA00D7896B /* libLightspeed-arm64-2.23.7.a */ = {isa = PBXFileReference; lastKnownFileType = archive.ar; name = "libLightspeed-arm64-2.23.7.a"; path = "../lib/lightspeed-sdk-2.23.7/libLightspeed-arm64-2.23.7.a"; sourceTree = "<group>"; };
		04868A871C2FE7FA00D7896B /* libLightspeed-armv7-2.23.7.a */ = {isa = PBXFileReference; lastKnownFileType = archive.ar; name = "libLightspeed-armv7-2.23.7.a"; path = "../lib/lightspeed-sdk-2.23.7/libLightspeed-armv7-2.23.7.a"; sourceTree = "<group>"; };
		04868A881C2FE7FA00D7896B /* libLightspeed-armv7s-2.23.7.a */ = {isa = PBXFileReference; lastKnownFileType = archive.ar; name = "libLightspeed-armv7s-2.23.7.a"; path = "../lib/lightspeed-sdk-2.23.7/libLightspeed-armv7s-2.23.7.a"; sourceTree = "<group>"; };
		04868A891C2FE7FA00D7896B /* libLightspeed-i386-2.23.7.a */ = {isa = PBXFileReference; lastKnownFileType = archive.ar; name = "libLightspeed-i386-2.23.7.a"; path = "../lib/lightspeed-sdk-2.23.7/libLightspeed-i386-2.23.7.a"; sourceTree = "<group>"; };
		04868A8A1C2FE7FA00D7896B /* libLightspeed-x86_64-2.23.7.a */ = {isa = PBXFileReference; lastKnownFileType = archive.ar; name = "libLightspeed-x86_64-2.23.7.a"; path = "../lib/lightspeed-sdk-2.23.7/libLightspeed-x86_64-2.23.7.a"; sourceTree = "<group>"; };
		04868A901C30CCBA00D7896B /* LightspeedCredentials.h */ = {isa = PBXFileReference; lastKnownFileType = sourcecode.c.h; path = LightspeedCredentials.h; sourceTree = "<group>"; };
		04A5D57D1C21710900E1AFE9 /* MapKit.framework */ = {isa = PBXFileReference; lastKnownFileType = wrapper.framework; name = MapKit.framework; path = System/Library/Frameworks/MapKit.framework; sourceTree = SDKROOT; };
		04A5D5801C22B94000E1AFE9 /* CustomMKAnnotation.h */ = {isa = PBXFileReference; fileEncoding = 4; lastKnownFileType = sourcecode.c.h; path = CustomMKAnnotation.h; sourceTree = "<group>"; };
		04A5D5811C22B94000E1AFE9 /* CustomMKAnnotation.m */ = {isa = PBXFileReference; fileEncoding = 4; lastKnownFileType = sourcecode.c.objc; path = CustomMKAnnotation.m; sourceTree = "<group>"; };
		18EF321E7368AECAA31C9EFA /* libPods-CarrefourTest.a */ = {isa = PBXFileReference; explicitFileType = archive.ar; includeInIndex = 0; path = "libPods-CarrefourTest.a"; sourceTree = BUILT_PRODUCTS_DIR; };
		3AAF9EBBD6E3C5E16DB3883A /* Pods-CarrefourTest.debug.xcconfig */ = {isa = PBXFileReference; includeInIndex = 1; lastKnownFileType = text.xcconfig; name = "Pods-CarrefourTest.debug.xcconfig"; path = "Pods/Target Support Files/Pods-CarrefourTest/Pods-CarrefourTest.debug.xcconfig"; sourceTree = "<group>"; };
		7530EB51A80505752B2B8CFE /* Pods-CarrefourTest.release.xcconfig */ = {isa = PBXFileReference; includeInIndex = 1; lastKnownFileType = text.xcconfig; name = "Pods-CarrefourTest.release.xcconfig"; path = "Pods/Target Support Files/Pods-CarrefourTest/Pods-CarrefourTest.release.xcconfig"; sourceTree = "<group>"; };
/* End PBXFileReference section */

/* Begin PBXFrameworksBuildPhase section */
		040481471C200203007F3927 /* Frameworks */ = {
			isa = PBXFrameworksBuildPhase;
			buildActionMask = 2147483647;
			files = (
				04868A8B1C2FE7FA00D7896B /* libLightspeed-arm64-2.23.7.a in Frameworks */,
				04868A8C1C2FE7FA00D7896B /* libLightspeed-armv7-2.23.7.a in Frameworks */,
				04868A8D1C2FE7FA00D7896B /* libLightspeed-armv7s-2.23.7.a in Frameworks */,
				04868A8E1C2FE7FA00D7896B /* libLightspeed-i386-2.23.7.a in Frameworks */,
				04868A8F1C2FE7FA00D7896B /* libLightspeed-x86_64-2.23.7.a in Frameworks */,
				04A5D57E1C21710900E1AFE9 /* MapKit.framework in Frameworks */,
				2ADD612135D0FF7FC1DF26BD /* libPods-CarrefourTest.a in Frameworks */,
			);
			runOnlyForDeploymentPostprocessing = 0;
		};
		040481601C200203007F3927 /* Frameworks */ = {
			isa = PBXFrameworksBuildPhase;
			buildActionMask = 2147483647;
			files = (
			);
			runOnlyForDeploymentPostprocessing = 0;
		};
		0404816B1C200203007F3927 /* Frameworks */ = {
			isa = PBXFrameworksBuildPhase;
			buildActionMask = 2147483647;
			files = (
			);
			runOnlyForDeploymentPostprocessing = 0;
		};
/* End PBXFrameworksBuildPhase section */

/* Begin PBXGroup section */
		040481411C200203007F3927 = {
			isa = PBXGroup;
			children = (
				0404814C1C200203007F3927 /* CarrefourTest */,
				040481661C200203007F3927 /* CarrefourTestTests */,
				040481711C200203007F3927 /* CarrefourTestUITests */,
				0404814B1C200203007F3927 /* Products */,
				D25360DE620DFB7D5FED294E /* Pods */,
				2CEFF8125C5DA85268859386 /* Frameworks */,
			);
			sourceTree = "<group>";
		};
		0404814B1C200203007F3927 /* Products */ = {
			isa = PBXGroup;
			children = (
				0404814A1C200203007F3927 /* CarrefourTest.app */,
				040481631C200203007F3927 /* CarrefourTestTests.xctest */,
				0404816E1C200203007F3927 /* CarrefourTestUITests.xctest */,
			);
			name = Products;
			sourceTree = "<group>";
		};
		0404814C1C200203007F3927 /* CarrefourTest */ = {
			isa = PBXGroup;
			children = (
				04868A611C2FD6A600D7896B /* lib */,
				04A5D57F1C22B91F00E1AFE9 /* Model */,
				04868A811C2FE16800D7896B /* CarrefourTest.entitlements */,
				040481501C200203007F3927 /* AppDelegate.h */,
				040481511C200203007F3927 /* AppDelegate.m */,
				040481531C200203007F3927 /* ViewController.h */,
				040481541C200203007F3927 /* ViewController.m */,
				04755C991C21521D0058AD5F /* MapViewController.h */,
				04755C9A1C21521D0058AD5F /* MapViewController.m */,
				04868A5E1C2FD50A00D7896B /* PushViewController.h */,
				04868A5F1C2FD50A00D7896B /* PushViewController.m */,
				04868A901C30CCBA00D7896B /* LightspeedCredentials.h */,
				040481561C200203007F3927 /* Main.storyboard */,
				040481591C200203007F3927 /* Assets.xcassets */,
				0404815B1C200203007F3927 /* LaunchScreen.storyboard */,
				0404815E1C200203007F3927 /* Info.plist */,
				0404814D1C200203007F3927 /* Supporting Files */,
			);
			path = CarrefourTest;
			sourceTree = "<group>";
		};
		0404814D1C200203007F3927 /* Supporting Files */ = {
			isa = PBXGroup;
			children = (
				040481801C200305007F3927 /* GoogleService-Info.plist */,
				0404814E1C200203007F3927 /* main.m */,
			);
			name = "Supporting Files";
			sourceTree = "<group>";
		};
		040481661C200203007F3927 /* CarrefourTestTests */ = {
			isa = PBXGroup;
			children = (
				040481671C200203007F3927 /* CarrefourTestTests.m */,
				040481691C200203007F3927 /* Info.plist */,
			);
			path = CarrefourTestTests;
			sourceTree = "<group>";
		};
		040481711C200203007F3927 /* CarrefourTestUITests */ = {
			isa = PBXGroup;
			children = (
				040481721C200203007F3927 /* CarrefourTestUITests.m */,
				040481741C200203007F3927 /* Info.plist */,
			);
			path = CarrefourTestUITests;
			sourceTree = "<group>";
		};
		04868A611C2FD6A600D7896B /* lib */ = {
			isa = PBXGroup;
			children = (
				04868A621C2FD6D300D7896B /* lightspeed-sdk-2.23.7 */,
			);
			name = lib;
			sourceTree = "<group>";
		};
		04868A621C2FD6D300D7896B /* lightspeed-sdk-2.23.7 */ = {
			isa = PBXGroup;
			children = (
				04868A631C2FD6D300D7896B /* anLive */,
				04868A671C2FD6D300D7896B /* include */,
				04868A741C2FD6D300D7896B /* libLightspeed-arm64-2.23.7.a */,
				04868A751C2FD6D300D7896B /* libLightspeed-armv7-2.23.7.a */,
				04868A761C2FD6D300D7896B /* libLightspeed-armv7s-2.23.7.a */,
				04868A771C2FD6D300D7896B /* libLightspeed-i386-2.23.7.a */,
				04868A781C2FD6D300D7896B /* libLightspeed-x86_64-2.23.7.a */,
			);
			path = "lightspeed-sdk-2.23.7";
			sourceTree = "<group>";
		};
		04868A631C2FD6D300D7896B /* anLive */ = {
			isa = PBXGroup;
			children = (
				04868A641C2FD6D300D7896B /* libanLive-arm64.a */,
				04868A651C2FD6D300D7896B /* libanLive-armv7.a */,
				04868A661C2FD6D300D7896B /* libanLive-i386.a */,
			);
			path = anLive;
			sourceTree = "<group>";
		};
		04868A671C2FD6D300D7896B /* include */ = {
			isa = PBXGroup;
			children = (
				04868A681C2FD6D300D7896B /* Arrownock */,
			);
			path = include;
			sourceTree = "<group>";
		};
		04868A681C2FD6D300D7896B /* Arrownock */ = {
			isa = PBXGroup;
			children = (
				04868A691C2FD6D300D7896B /* AnDeviceManager.h */,
				04868A6A1C2FD6D300D7896B /* AnIM.h */,
				04868A6B1C2FD6D300D7896B /* AnIMMessage.h */,
				04868A6C1C2FD6D300D7896B /* AnLive.h */,
				04868A6D1C2FD6D300D7896B /* AnLiveLocalVideoView.h */,
				04868A6E1C2FD6D300D7896B /* AnLiveProtocols.h */,
				04868A6F1C2FD6D300D7896B /* AnLiveVideoView.h */,
				04868A701C2FD6D300D7896B /* AnPush.h */,
				04868A711C2FD6D300D7896B /* AnSocial.h */,
				04868A721C2FD6D300D7896B /* AnSocialFile.h */,
				04868A731C2FD6D300D7896B /* ArrownockException.h */,
			);
			path = Arrownock;
			sourceTree = "<group>";
		};
		04A5D57F1C22B91F00E1AFE9 /* Model */ = {
			isa = PBXGroup;
			children = (
				04A5D5801C22B94000E1AFE9 /* CustomMKAnnotation.h */,
				04A5D5811C22B94000E1AFE9 /* CustomMKAnnotation.m */,
			);
			name = Model;
			sourceTree = "<group>";
		};
		2CEFF8125C5DA85268859386 /* Frameworks */ = {
			isa = PBXGroup;
			children = (
				04868A861C2FE7FA00D7896B /* libLightspeed-arm64-2.23.7.a */,
				04868A871C2FE7FA00D7896B /* libLightspeed-armv7-2.23.7.a */,
				04868A881C2FE7FA00D7896B /* libLightspeed-armv7s-2.23.7.a */,
				04868A891C2FE7FA00D7896B /* libLightspeed-i386-2.23.7.a */,
				04868A8A1C2FE7FA00D7896B /* libLightspeed-x86_64-2.23.7.a */,
				04A5D57D1C21710900E1AFE9 /* MapKit.framework */,
				18EF321E7368AECAA31C9EFA /* libPods-CarrefourTest.a */,
			);
			name = Frameworks;
			sourceTree = "<group>";
		};
		D25360DE620DFB7D5FED294E /* Pods */ = {
			isa = PBXGroup;
			children = (
				3AAF9EBBD6E3C5E16DB3883A /* Pods-CarrefourTest.debug.xcconfig */,
				7530EB51A80505752B2B8CFE /* Pods-CarrefourTest.release.xcconfig */,
			);
			name = Pods;
			sourceTree = "<group>";
		};
/* End PBXGroup section */

/* Begin PBXNativeTarget section */
		040481491C200203007F3927 /* CarrefourTest */ = {
			isa = PBXNativeTarget;
			buildConfigurationList = 040481771C200203007F3927 /* Build configuration list for PBXNativeTarget "CarrefourTest" */;
			buildPhases = (
				9F47741FD43840689F7FCCB9 /* Check Pods Manifest.lock */,
				040481461C200203007F3927 /* Sources */,
				040481471C200203007F3927 /* Frameworks */,
				040481481C200203007F3927 /* Resources */,
				C7171B9A0CE13740DA4C80BA /* Embed Pods Frameworks */,
				348AC577CEFD4578AF7FA0DC /* Copy Pods Resources */,
			);
			buildRules = (
			);
			dependencies = (
			);
			name = CarrefourTest;
			productName = CarrefourTest;
			productReference = 0404814A1C200203007F3927 /* CarrefourTest.app */;
			productType = "com.apple.product-type.application";
		};
		040481621C200203007F3927 /* CarrefourTestTests */ = {
			isa = PBXNativeTarget;
			buildConfigurationList = 0404817A1C200203007F3927 /* Build configuration list for PBXNativeTarget "CarrefourTestTests" */;
			buildPhases = (
				0404815F1C200203007F3927 /* Sources */,
				040481601C200203007F3927 /* Frameworks */,
				040481611C200203007F3927 /* Resources */,
			);
			buildRules = (
			);
			dependencies = (
				040481651C200203007F3927 /* PBXTargetDependency */,
			);
			name = CarrefourTestTests;
			productName = CarrefourTestTests;
			productReference = 040481631C200203007F3927 /* CarrefourTestTests.xctest */;
			productType = "com.apple.product-type.bundle.unit-test";
		};
		0404816D1C200203007F3927 /* CarrefourTestUITests */ = {
			isa = PBXNativeTarget;
			buildConfigurationList = 0404817D1C200203007F3927 /* Build configuration list for PBXNativeTarget "CarrefourTestUITests" */;
			buildPhases = (
				0404816A1C200203007F3927 /* Sources */,
				0404816B1C200203007F3927 /* Frameworks */,
				0404816C1C200203007F3927 /* Resources */,
			);
			buildRules = (
			);
			dependencies = (
				040481701C200203007F3927 /* PBXTargetDependency */,
			);
			name = CarrefourTestUITests;
			productName = CarrefourTestUITests;
			productReference = 0404816E1C200203007F3927 /* CarrefourTestUITests.xctest */;
			productType = "com.apple.product-type.bundle.ui-testing";
		};
/* End PBXNativeTarget section */

/* Begin PBXProject section */
		040481421C200203007F3927 /* Project object */ = {
			isa = PBXProject;
			attributes = {
				LastUpgradeCheck = 0720;
				ORGANIZATIONNAME = Webcomm;
				TargetAttributes = {
					040481491C200203007F3927 = {
						CreatedOnToolsVersion = 7.2;
						DevelopmentTeam = TW8V44NSF9;
						SystemCapabilities = {
							com.apple.Keychain = {
								enabled = 1;
							};
							com.apple.Maps.iOS = {
								enabled = 1;
							};
							com.apple.Push = {
								enabled = 0;
							};
						};
					};
					040481621C200203007F3927 = {
						CreatedOnToolsVersion = 7.2;
						TestTargetID = 040481491C200203007F3927;
					};
					0404816D1C200203007F3927 = {
						CreatedOnToolsVersion = 7.2;
						TestTargetID = 040481491C200203007F3927;
					};
				};
			};
			buildConfigurationList = 040481451C200203007F3927 /* Build configuration list for PBXProject "CarrefourTest" */;
			compatibilityVersion = "Xcode 3.2";
			developmentRegion = English;
			hasScannedForEncodings = 0;
			knownRegions = (
				en,
				Base,
			);
			mainGroup = 040481411C200203007F3927;
			productRefGroup = 0404814B1C200203007F3927 /* Products */;
			projectDirPath = "";
			projectRoot = "";
			targets = (
				040481491C200203007F3927 /* CarrefourTest */,
				040481621C200203007F3927 /* CarrefourTestTests */,
				0404816D1C200203007F3927 /* CarrefourTestUITests */,
			);
		};
/* End PBXProject section */

/* Begin PBXResourcesBuildPhase section */
		040481481C200203007F3927 /* Resources */ = {
			isa = PBXResourcesBuildPhase;
			buildActionMask = 2147483647;
			files = (
				0404815D1C200203007F3927 /* LaunchScreen.storyboard in Resources */,
				040481811C200305007F3927 /* GoogleService-Info.plist in Resources */,
				04868A821C2FE16800D7896B /* CarrefourTest.entitlements in Resources */,
				0404815A1C200203007F3927 /* Assets.xcassets in Resources */,
				040481581C200203007F3927 /* Main.storyboard in Resources */,
			);
			runOnlyForDeploymentPostprocessing = 0;
		};
		040481611C200203007F3927 /* Resources */ = {
			isa = PBXResourcesBuildPhase;
			buildActionMask = 2147483647;
			files = (
			);
			runOnlyForDeploymentPostprocessing = 0;
		};
		0404816C1C200203007F3927 /* Resources */ = {
			isa = PBXResourcesBuildPhase;
			buildActionMask = 2147483647;
			files = (
			);
			runOnlyForDeploymentPostprocessing = 0;
		};
/* End PBXResourcesBuildPhase section */

/* Begin PBXShellScriptBuildPhase section */
		348AC577CEFD4578AF7FA0DC /* Copy Pods Resources */ = {
			isa = PBXShellScriptBuildPhase;
			buildActionMask = 2147483647;
			files = (
			);
			inputPaths = (
			);
			name = "Copy Pods Resources";
			outputPaths = (
			);
			runOnlyForDeploymentPostprocessing = 0;
			shellPath = /bin/sh;
			shellScript = "\"${SRCROOT}/Pods/Target Support Files/Pods-CarrefourTest/Pods-CarrefourTest-resources.sh\"\n";
			showEnvVarsInLog = 0;
		};
		9F47741FD43840689F7FCCB9 /* Check Pods Manifest.lock */ = {
			isa = PBXShellScriptBuildPhase;
			buildActionMask = 2147483647;
			files = (
			);
			inputPaths = (
			);
			name = "Check Pods Manifest.lock";
			outputPaths = (
			);
			runOnlyForDeploymentPostprocessing = 0;
			shellPath = /bin/sh;
			shellScript = "diff \"${PODS_ROOT}/../Podfile.lock\" \"${PODS_ROOT}/Manifest.lock\" > /dev/null\nif [[ $? != 0 ]] ; then\n    cat << EOM\nerror: The sandbox is not in sync with the Podfile.lock. Run 'pod install' or update your CocoaPods installation.\nEOM\n    exit 1\nfi\n";
			showEnvVarsInLog = 0;
		};
		C7171B9A0CE13740DA4C80BA /* Embed Pods Frameworks */ = {
			isa = PBXShellScriptBuildPhase;
			buildActionMask = 2147483647;
			files = (
			);
			inputPaths = (
			);
			name = "Embed Pods Frameworks";
			outputPaths = (
			);
			runOnlyForDeploymentPostprocessing = 0;
			shellPath = /bin/sh;
			shellScript = "\"${SRCROOT}/Pods/Target Support Files/Pods-CarrefourTest/Pods-CarrefourTest-frameworks.sh\"\n";
			showEnvVarsInLog = 0;
		};
/* End PBXShellScriptBuildPhase section */

/* Begin PBXSourcesBuildPhase section */
		040481461C200203007F3927 /* Sources */ = {
			isa = PBXSourcesBuildPhase;
			buildActionMask = 2147483647;
			files = (
				04A5D5821C22B94000E1AFE9 /* CustomMKAnnotation.m in Sources */,
				040481551C200203007F3927 /* ViewController.m in Sources */,
				04868A601C2FD50A00D7896B /* PushViewController.m in Sources */,
				040481521C200203007F3927 /* AppDelegate.m in Sources */,
				0404814F1C200203007F3927 /* main.m in Sources */,
				04755C9B1C21521D0058AD5F /* MapViewController.m in Sources */,
			);
			runOnlyForDeploymentPostprocessing = 0;
		};
		0404815F1C200203007F3927 /* Sources */ = {
			isa = PBXSourcesBuildPhase;
			buildActionMask = 2147483647;
			files = (
				040481681C200203007F3927 /* CarrefourTestTests.m in Sources */,
			);
			runOnlyForDeploymentPostprocessing = 0;
		};
		0404816A1C200203007F3927 /* Sources */ = {
			isa = PBXSourcesBuildPhase;
			buildActionMask = 2147483647;
			files = (
				040481731C200203007F3927 /* CarrefourTestUITests.m in Sources */,
			);
			runOnlyForDeploymentPostprocessing = 0;
		};
/* End PBXSourcesBuildPhase section */

/* Begin PBXTargetDependency section */
		040481651C200203007F3927 /* PBXTargetDependency */ = {
			isa = PBXTargetDependency;
			target = 040481491C200203007F3927 /* CarrefourTest */;
			targetProxy = 040481641C200203007F3927 /* PBXContainerItemProxy */;
		};
		040481701C200203007F3927 /* PBXTargetDependency */ = {
			isa = PBXTargetDependency;
			target = 040481491C200203007F3927 /* CarrefourTest */;
			targetProxy = 0404816F1C200203007F3927 /* PBXContainerItemProxy */;
		};
/* End PBXTargetDependency section */

/* Begin PBXVariantGroup section */
		040481561C200203007F3927 /* Main.storyboard */ = {
			isa = PBXVariantGroup;
			children = (
				040481571C200203007F3927 /* Base */,
			);
			name = Main.storyboard;
			sourceTree = "<group>";
		};
		0404815B1C200203007F3927 /* LaunchScreen.storyboard */ = {
			isa = PBXVariantGroup;
			children = (
				0404815C1C200203007F3927 /* Base */,
			);
			name = LaunchScreen.storyboard;
			sourceTree = "<group>";
		};
/* End PBXVariantGroup section */

/* Begin XCBuildConfiguration section */
		040481751C200203007F3927 /* Debug */ = {
			isa = XCBuildConfiguration;
			buildSettings = {
				ALWAYS_SEARCH_USER_PATHS = NO;
				CLANG_CXX_LANGUAGE_STANDARD = "gnu++0x";
				CLANG_CXX_LIBRARY = "libc++";
				CLANG_ENABLE_MODULES = YES;
				CLANG_ENABLE_OBJC_ARC = YES;
				CLANG_WARN_BOOL_CONVERSION = YES;
				CLANG_WARN_CONSTANT_CONVERSION = YES;
				CLANG_WARN_DIRECT_OBJC_ISA_USAGE = YES_ERROR;
				CLANG_WARN_EMPTY_BODY = YES;
				CLANG_WARN_ENUM_CONVERSION = YES;
				CLANG_WARN_INT_CONVERSION = YES;
				CLANG_WARN_OBJC_ROOT_CLASS = YES_ERROR;
				CLANG_WARN_UNREACHABLE_CODE = YES;
				CLANG_WARN__DUPLICATE_METHOD_MATCH = YES;
				"CODE_SIGN_IDENTITY[sdk=iphoneos*]" = "iPhone Developer";
				COPY_PHASE_STRIP = NO;
				DEBUG_INFORMATION_FORMAT = dwarf;
				ENABLE_STRICT_OBJC_MSGSEND = YES;
				ENABLE_TESTABILITY = YES;
				GCC_C_LANGUAGE_STANDARD = gnu99;
				GCC_DYNAMIC_NO_PIC = NO;
				GCC_NO_COMMON_BLOCKS = YES;
				GCC_OPTIMIZATION_LEVEL = 0;
				GCC_PREPROCESSOR_DEFINITIONS = (
					"DEBUG=1",
					"$(inherited)",
				);
				GCC_WARN_64_TO_32_BIT_CONVERSION = YES;
				GCC_WARN_ABOUT_RETURN_TYPE = YES_ERROR;
				GCC_WARN_UNDECLARED_SELECTOR = YES;
				GCC_WARN_UNINITIALIZED_AUTOS = YES_AGGRESSIVE;
				GCC_WARN_UNUSED_FUNCTION = YES;
				GCC_WARN_UNUSED_VARIABLE = YES;
				IPHONEOS_DEPLOYMENT_TARGET = 9.2;
				MTL_ENABLE_DEBUG_INFO = YES;
				ONLY_ACTIVE_ARCH = YES;
				SDKROOT = iphoneos;
				TARGETED_DEVICE_FAMILY = "1,2";
			};
			name = Debug;
		};
		040481761C200203007F3927 /* Release */ = {
			isa = XCBuildConfiguration;
			buildSettings = {
				ALWAYS_SEARCH_USER_PATHS = NO;
				CLANG_CXX_LANGUAGE_STANDARD = "gnu++0x";
				CLANG_CXX_LIBRARY = "libc++";
				CLANG_ENABLE_MODULES = YES;
				CLANG_ENABLE_OBJC_ARC = YES;
				CLANG_WARN_BOOL_CONVERSION = YES;
				CLANG_WARN_CONSTANT_CONVERSION = YES;
				CLANG_WARN_DIRECT_OBJC_ISA_USAGE = YES_ERROR;
				CLANG_WARN_EMPTY_BODY = YES;
				CLANG_WARN_ENUM_CONVERSION = YES;
				CLANG_WARN_INT_CONVERSION = YES;
				CLANG_WARN_OBJC_ROOT_CLASS = YES_ERROR;
				CLANG_WARN_UNREACHABLE_CODE = YES;
				CLANG_WARN__DUPLICATE_METHOD_MATCH = YES;
				"CODE_SIGN_IDENTITY[sdk=iphoneos*]" = "iPhone Developer";
				COPY_PHASE_STRIP = NO;
				DEBUG_INFORMATION_FORMAT = "dwarf-with-dsym";
				ENABLE_NS_ASSERTIONS = NO;
				ENABLE_STRICT_OBJC_MSGSEND = YES;
				GCC_C_LANGUAGE_STANDARD = gnu99;
				GCC_NO_COMMON_BLOCKS = YES;
				GCC_WARN_64_TO_32_BIT_CONVERSION = YES;
				GCC_WARN_ABOUT_RETURN_TYPE = YES_ERROR;
				GCC_WARN_UNDECLARED_SELECTOR = YES;
				GCC_WARN_UNINITIALIZED_AUTOS = YES_AGGRESSIVE;
				GCC_WARN_UNUSED_FUNCTION = YES;
				GCC_WARN_UNUSED_VARIABLE = YES;
				IPHONEOS_DEPLOYMENT_TARGET = 9.2;
				MTL_ENABLE_DEBUG_INFO = NO;
				SDKROOT = iphoneos;
				TARGETED_DEVICE_FAMILY = "1,2";
				VALIDATE_PRODUCT = YES;
			};
			name = Release;
		};
		040481781C200203007F3927 /* Debug */ = {
			isa = XCBuildConfiguration;
			baseConfigurationReference = 3AAF9EBBD6E3C5E16DB3883A /* Pods-CarrefourTest.debug.xcconfig */;
			buildSettings = {
				ASSETCATALOG_COMPILER_APPICON_NAME = AppIcon;
				CODE_SIGN_ENTITLEMENTS = CarrefourTest/CarrefourTest.entitlements;
				CODE_SIGN_IDENTITY = "iPhone Developer: ING YI CHEN (MF4479NZ37)";
				ENABLE_BITCODE = NO;
				HEADER_SEARCH_PATHS = (
					"$(inherited)",
					"${PODS_ROOT}/Google/Headers",
					"$(inherited)",
					"\"${PODS_ROOT}/Headers/Public\"",
					"\"${PODS_ROOT}/Headers/Public/Google\"",
					"\"${PODS_ROOT}/Headers/Public/GoogleAppUtilities\"",
					"\"${PODS_ROOT}/Headers/Public/GoogleAuthUtilities\"",
					"\"${PODS_ROOT}/Headers/Public/GoogleInterchangeUtilities\"",
					"\"${PODS_ROOT}/Headers/Public/GoogleNetworkingUtilities\"",
					"\"${PODS_ROOT}/Headers/Public/GoogleSignIn\"",
					"\"${PODS_ROOT}/Headers/Public/GoogleSymbolUtilities\"",
					"\"${PODS_ROOT}/Headers/Public/GoogleUtilities\"",
					"/Users/mac/Desktop/Carrefour/CarrefourTest/CarrefourTest/lightspeed-sdk-2.23.7",
				);
				INFOPLIST_FILE = CarrefourTest/Info.plist;
				LD_RUNPATH_SEARCH_PATHS = "$(inherited) @executable_path/Frameworks";
				LIBRARY_SEARCH_PATHS = (
					"$(inherited)",
					"$(PROJECT_DIR)/CarrefourTest/lightspeed-sdk-2.23.7/anLive",
					"$(PROJECT_DIR)/CarrefourTest/lightspeed-sdk-2.23.7",
					"/Users/mac/Desktop/Carrefour/CarrefourTest/CarrefourTest/lightspeed-sdk-2.23.7",
				);
				PRODUCT_BUNDLE_IDENTIFIER = com.appcomm.apps;
				PRODUCT_NAME = "$(TARGET_NAME)";
				PROVISIONING_PROFILE = "972791a0-d8ac-4ced-88cd-258951901031";
			};
			name = Debug;
		};
		040481791C200203007F3927 /* Release */ = {
			isa = XCBuildConfiguration;
			baseConfigurationReference = 7530EB51A80505752B2B8CFE /* Pods-CarrefourTest.release.xcconfig */;
			buildSettings = {
				ASSETCATALOG_COMPILER_APPICON_NAME = AppIcon;
				CODE_SIGN_ENTITLEMENTS = CarrefourTest/CarrefourTest.entitlements;
				CODE_SIGN_IDENTITY = "iPhone Developer: ING YI CHEN (MF4479NZ37)";
				ENABLE_BITCODE = NO;
				HEADER_SEARCH_PATHS = (
					"$(inherited)",
					"${PODS_ROOT}/Google/Headers",
					"$(inherited)",
					"\"${PODS_ROOT}/Headers/Public\"",
					"\"${PODS_ROOT}/Headers/Public/Google\"",
					"\"${PODS_ROOT}/Headers/Public/GoogleAppUtilities\"",
					"\"${PODS_ROOT}/Headers/Public/GoogleAuthUtilities\"",
					"\"${PODS_ROOT}/Headers/Public/GoogleInterchangeUtilities\"",
					"\"${PODS_ROOT}/Headers/Public/GoogleNetworkingUtilities\"",
					"\"${PODS_ROOT}/Headers/Public/GoogleSignIn\"",
					"\"${PODS_ROOT}/Headers/Public/GoogleSymbolUtilities\"",
					"\"${PODS_ROOT}/Headers/Public/GoogleUtilities\"",
					"/Users/mac/Desktop/Carrefour/CarrefourTest/CarrefourTest/lightspeed-sdk-2.23.7",
				);
				INFOPLIST_FILE = CarrefourTest/Info.plist;
				LD_RUNPATH_SEARCH_PATHS = "$(inherited) @executable_path/Frameworks";
				LIBRARY_SEARCH_PATHS = (
					"$(inherited)",
					"$(PROJECT_DIR)/CarrefourTest/lightspeed-sdk-2.23.7/anLive",
					"$(PROJECT_DIR)/CarrefourTest/lightspeed-sdk-2.23.7",
					"/Users/mac/Desktop/Carrefour/CarrefourTest/CarrefourTest/lightspeed-sdk-2.23.7",
				);
				PRODUCT_BUNDLE_IDENTIFIER = com.appcomm.apps;
				PRODUCT_NAME = "$(TARGET_NAME)";
				PROVISIONING_PROFILE = "972791a0-d8ac-4ced-88cd-258951901031";
			};
			name = Release;
		};
		0404817B1C200203007F3927 /* Debug */ = {
			isa = XCBuildConfiguration;
			buildSettings = {
				BUNDLE_LOADER = "$(TEST_HOST)";
				INFOPLIST_FILE = CarrefourTestTests/Info.plist;
				LD_RUNPATH_SEARCH_PATHS = "$(inherited) @executable_path/Frameworks @loader_path/Frameworks";
				PRODUCT_BUNDLE_IDENTIFIER = com.webcomm.test.CarrefourTestTests;
				PRODUCT_NAME = "$(TARGET_NAME)";
				TEST_HOST = "$(BUILT_PRODUCTS_DIR)/CarrefourTest.app/CarrefourTest";
			};
			name = Debug;
		};
		0404817C1C200203007F3927 /* Release */ = {
			isa = XCBuildConfiguration;
			buildSettings = {
				BUNDLE_LOADER = "$(TEST_HOST)";
				INFOPLIST_FILE = CarrefourTestTests/Info.plist;
				LD_RUNPATH_SEARCH_PATHS = "$(inherited) @executable_path/Frameworks @loader_path/Frameworks";
				PRODUCT_BUNDLE_IDENTIFIER = com.webcomm.test.CarrefourTestTests;
				PRODUCT_NAME = "$(TARGET_NAME)";
				TEST_HOST = "$(BUILT_PRODUCTS_DIR)/CarrefourTest.app/CarrefourTest";
			};
			name = Release;
		};
		0404817E1C200203007F3927 /* Debug */ = {
			isa = XCBuildConfiguration;
			buildSettings = {
				INFOPLIST_FILE = CarrefourTestUITests/Info.plist;
				LD_RUNPATH_SEARCH_PATHS = "$(inherited) @executable_path/Frameworks @loader_path/Frameworks";
				PRODUCT_BUNDLE_IDENTIFIER = com.webcomm.test.CarrefourTestUITests;
				PRODUCT_NAME = "$(TARGET_NAME)";
				TEST_TARGET_NAME = CarrefourTest;
				USES_XCTRUNNER = YES;
			};
			name = Debug;
		};
		0404817F1C200203007F3927 /* Release */ = {
			isa = XCBuildConfiguration;
			buildSettings = {
				INFOPLIST_FILE = CarrefourTestUITests/Info.plist;
				LD_RUNPATH_SEARCH_PATHS = "$(inherited) @executable_path/Frameworks @loader_path/Frameworks";
				PRODUCT_BUNDLE_IDENTIFIER = com.webcomm.test.CarrefourTestUITests;
				PRODUCT_NAME = "$(TARGET_NAME)";
				TEST_TARGET_NAME = CarrefourTest;
				USES_XCTRUNNER = YES;
			};
			name = Release;
		};
/* End XCBuildConfiguration section */

/* Begin XCConfigurationList section */
		040481451C200203007F3927 /* Build configuration list for PBXProject "CarrefourTest" */ = {
			isa = XCConfigurationList;
			buildConfigurations = (
				040481751C200203007F3927 /* Debug */,
				040481761C200203007F3927 /* Release */,
			);
			defaultConfigurationIsVisible = 0;
			defaultConfigurationName = Release;
		};
		040481771C200203007F3927 /* Build configuration list for PBXNativeTarget "CarrefourTest" */ = {
			isa = XCConfigurationList;
			buildConfigurations = (
				040481781C200203007F3927 /* Debug */,
				040481791C200203007F3927 /* Release */,
			);
			defaultConfigurationIsVisible = 0;
			defaultConfigurationName = Release;
		};
		0404817A1C200203007F3927 /* Build configuration list for PBXNativeTarget "CarrefourTestTests" */ = {
			isa = XCConfigurationList;
			buildConfigurations = (
				0404817B1C200203007F3927 /* Debug */,
				0404817C1C200203007F3927 /* Release */,
			);
			defaultConfigurationIsVisible = 0;
			defaultConfigurationName = Release;
		};
		0404817D1C200203007F3927 /* Build configuration list for PBXNativeTarget "CarrefourTestUITests" */ = {
			isa = XCConfigurationList;
			buildConfigurations = (
				0404817E1C200203007F3927 /* Debug */,
				0404817F1C200203007F3927 /* Release */,
			);
			defaultConfigurationIsVisible = 0;
			defaultConfigurationName = Release;
		};
/* End XCConfigurationList section */
	};
	rootObject = 040481421C200203007F3927 /* Project object */;
}
